{
  "version": 4,
  "terraform_version": "1.1.7",
  "serial": 44,
  "lineage": "e1eb5a09-544f-8df0-b02f-38d03d7929f9",
  "outputs": {},
  "resources": [
    {
      "mode": "managed",
      "type": "azurerm_app_service",
      "name": "SCM",
      "provider": "provider[\"registry.terraform.io/hashicorp/azurerm\"]",
      "instances": [
        {
          "schema_version": 0,
          "attributes": {
            "app_service_plan_id": "/subscriptions/d0559394-49b7-41ae-97e9-6c61415646f7/resourceGroups/SchoolMessengerRSG/providers/Microsoft.Web/serverfarms/SchoolMessengetASP",
            "app_settings": {
              "SOME_KEY": "some-value"
            },
            "auth_settings": [
              {
                "active_directory": [],
                "additional_login_params": {},
                "allowed_external_redirect_urls": [],
                "default_provider": "",
                "enabled": false,
                "facebook": [],
                "google": [],
                "issuer": "",
                "microsoft": [],
                "runtime_version": "",
                "token_refresh_extension_hours": 0,
                "token_store_enabled": false,
                "twitter": [],
                "unauthenticated_client_action": ""
              }
            ],
            "backup": [],
            "client_affinity_enabled": false,
            "client_cert_enabled": false,
            "client_cert_mode": "Required",
            "connection_string": [
              {
                "name": "Database",
                "type": "SQLServer",
                "value": "Server=some-server.mydomain.com;Integrated Security=SSPI"
              }
            ],
            "custom_domain_verification_id": "AF82CCBE7D71302A4F8C2821ACE380C769B4688649290A15FE30D00D52CF6FA9",
            "default_site_hostname": "schoolmessengerapi.azurewebsites.net",
            "enabled": true,
            "https_only": false,
            "id": "/subscriptions/d0559394-49b7-41ae-97e9-6c61415646f7/resourceGroups/SchoolMessengerRSG/providers/Microsoft.Web/sites/SchoolMessengerAPI",
            "identity": [],
            "key_vault_reference_identity_id": "SystemAssigned",
            "location": "eastus2",
            "logs": [
              {
                "application_logs": [
                  {
                    "azure_blob_storage": [],
                    "file_system_level": "Off"
                  }
                ],
                "detailed_error_messages_enabled": false,
                "failed_request_tracing_enabled": false,
                "http_logs": [
                  {
                    "azure_blob_storage": [],
                    "file_system": []
                  }
                ]
              }
            ],
            "name": "SchoolMessengerAPI",
            "outbound_ip_address_list": [
              "52.184.238.83",
              "52.184.238.144",
              "52.184.238.154",
              "52.184.238.161",
              "52.242.111.235",
              "52.254.41.27",
              "20.119.136.4"
            ],
            "outbound_ip_addresses": "52.184.238.83,52.184.238.144,52.184.238.154,52.184.238.161,52.242.111.235,52.254.41.27,20.119.136.4",
            "possible_outbound_ip_address_list": [
              "52.184.238.83",
              "52.184.238.144",
              "52.184.238.154",
              "52.184.238.161",
              "52.242.111.235",
              "52.254.41.27",
              "52.254.41.28",
              "52.254.41.45",
              "52.254.41.98",
              "52.232.229.247",
              "52.254.41.167",
              "52.254.41.168",
              "52.254.41.209",
              "52.254.41.222",
              "52.254.41.246",
              "52.254.41.248",
              "52.254.41.254",
              "52.254.42.12",
              "52.254.42.87",
              "52.254.42.136",
              "52.254.42.138",
              "52.254.42.193",
              "52.254.42.245",
              "52.254.43.61",
              "52.254.43.121",
              "52.254.43.148",
              "52.254.43.161",
              "52.254.43.194",
              "52.254.43.223",
              "52.254.43.255",
              "20.119.136.4"
            ],
            "possible_outbound_ip_addresses": "52.184.238.83,52.184.238.144,52.184.238.154,52.184.238.161,52.242.111.235,52.254.41.27,52.254.41.28,52.254.41.45,52.254.41.98,52.232.229.247,52.254.41.167,52.254.41.168,52.254.41.209,52.254.41.222,52.254.41.246,52.254.41.248,52.254.41.254,52.254.42.12,52.254.42.87,52.254.42.136,52.254.42.138,52.254.42.193,52.254.42.245,52.254.43.61,52.254.43.121,52.254.43.148,52.254.43.161,52.254.43.194,52.254.43.223,52.254.43.255,20.119.136.4",
            "resource_group_name": "SchoolMessengerRSG",
            "site_config": [
              {
                "acr_use_managed_identity_credentials": false,
                "acr_user_managed_identity_client_id": "",
                "always_on": false,
                "app_command_line": "",
                "auto_swap_slot_name": "",
                "cors": [
                  {
                    "allowed_origins": [],
                    "support_credentials": false
                  }
                ],
                "default_documents": null,
                "dotnet_framework_version": "v6.0",
                "ftps_state": "AllAllowed",
                "health_check_path": "",
                "http2_enabled": false,
                "ip_restriction": [],
                "java_container": "",
                "java_container_version": "",
                "java_version": "",
                "linux_fx_version": "",
                "local_mysql_enabled": false,
                "managed_pipeline_mode": "Integrated",
                "min_tls_version": "1.2",
                "number_of_workers": 1,
                "php_version": "",
                "python_version": "",
                "remote_debugging_enabled": false,
                "remote_debugging_version": "VS2019",
                "scm_ip_restriction": [],
                "scm_type": "LocalGit",
                "scm_use_main_ip_restriction": false,
                "use_32_bit_worker_process": true,
                "vnet_route_all_enabled": false,
                "websockets_enabled": false,
                "windows_fx_version": ""
              }
            ],
            "site_credential": [
              {
                "password": "FmlmC1oE5snwlpEGxmhycNSxlRYbDAkya9Nmc6it9qsCltWDutP2Rhf8yzcz",
                "username": "$SchoolMessengerAPI"
              }
            ],
            "source_control": [
              {
                "branch": "master",
                "manual_integration": false,
                "repo_url": "https://schoolmessengerapi.scm.azurewebsites.net",
                "rollback_enabled": false,
                "use_mercurial": false
              }
            ],
            "storage_account": [],
            "tags": null,
            "timeouts": null
          },
          "sensitive_attributes": [],
          "private": "eyJlMmJmYjczMC1lY2FhLTExZTYtOGY4OC0zNDM2M2JjN2M0YzAiOnsiY3JlYXRlIjoxODAwMDAwMDAwMDAwLCJkZWxldGUiOjE4MDAwMDAwMDAwMDAsInJlYWQiOjMwMDAwMDAwMDAwMCwidXBkYXRlIjoxODAwMDAwMDAwMDAwfX0=",
          "dependencies": [
            "azurerm_app_service_plan.SCM",
            "azurerm_resource_group.SCM"
          ]
        }
      ]
    },
    {
      "mode": "managed",
      "type": "azurerm_app_service_plan",
      "name": "SCM",
      "provider": "provider[\"registry.terraform.io/hashicorp/azurerm\"]",
      "instances": [
        {
          "schema_version": 0,
          "attributes": {
            "app_service_environment_id": "",
            "id": "/subscriptions/d0559394-49b7-41ae-97e9-6c61415646f7/resourceGroups/SchoolMessengerRSG/providers/Microsoft.Web/serverfarms/SchoolMessengetASP",
            "is_xenon": false,
            "kind": "Windows",
            "location": "eastus2",
            "maximum_elastic_worker_count": 1,
            "maximum_number_of_workers": 1,
            "name": "SchoolMessengetASP",
            "per_site_scaling": false,
            "reserved": false,
            "resource_group_name": "SchoolMessengerRSG",
            "sku": [
              {
                "capacity": 0,
                "size": "F1",
                "tier": "Free"
              }
            ],
            "tags": {
              "Environment": "Dev",
              "Project": "School Messenger"
            },
            "timeouts": null,
            "zone_redundant": false
          },
          "sensitive_attributes": [],
          "private": "eyJlMmJmYjczMC1lY2FhLTExZTYtOGY4OC0zNDM2M2JjN2M0YzAiOnsiY3JlYXRlIjozNjAwMDAwMDAwMDAwLCJkZWxldGUiOjM2MDAwMDAwMDAwMDAsInJlYWQiOjMwMDAwMDAwMDAwMCwidXBkYXRlIjozNjAwMDAwMDAwMDAwfX0=",
          "dependencies": [
            "azurerm_resource_group.SCM"
          ]
        }
      ]
    },
    {
      "mode": "managed",
      "type": "azurerm_resource_group",
      "name": "SCM",
      "provider": "provider[\"registry.terraform.io/hashicorp/azurerm\"]",
      "instances": [
        {
          "schema_version": 0,
          "attributes": {
            "id": "/subscriptions/d0559394-49b7-41ae-97e9-6c61415646f7/resourceGroups/SchoolMessengerRSG",
            "location": "eastus2",
            "name": "SchoolMessengerRSG",
            "tags": {
              "Environment": "Dev",
              "Project": "School Messenger"
            },
            "timeouts": null
          },
          "sensitive_attributes": [],
          "private": "eyJlMmJmYjczMC1lY2FhLTExZTYtOGY4OC0zNDM2M2JjN2M0YzAiOnsiY3JlYXRlIjo1NDAwMDAwMDAwMDAwLCJkZWxldGUiOjU0MDAwMDAwMDAwMDAsInJlYWQiOjMwMDAwMDAwMDAwMCwidXBkYXRlIjo1NDAwMDAwMDAwMDAwfX0="
        }
      ]
    }
  ]
}
